
Microsoft Visual Studio Solution File, Format Version 12.00
# Visual Studio 14
VisualStudioVersion = 14.0.23107.0
MinimumVisualStudioVersion = 10.0.40219.1
Project("{2150E333-8FDC-42A3-9474-1A3956D46DE8}") = "Data", "Data", "{2BAF5EC1-39F4-46A8-9AB9-D92FC4CD5C94}"
EndProject
Project("{2150E333-8FDC-42A3-9474-1A3956D46DE8}") = "Web", "Web", "{CF85D4D6-AE5F-4519-BD40-7210CA582676}"
EndProject
Project("{2150E333-8FDC-42A3-9474-1A3956D46DE8}") = "Tests", "Tests", "{7A0BE8CD-F903-4FF3-A184-99369A19F43D}"
EndProject
Project("{2150E333-8FDC-42A3-9474-1A3956D46DE8}") = "External Libraries", "External Libraries", "{445A3CE7-572D-48C6-82D3-6C0C245A0EC8}"
EndProject
Project("{FAE04EC0-301F-11D3-BF4B-00C04F79EFBC}") = "Twitter.Models", "Twitter.Models\Twitter.Models.csproj", "{A58F9A1E-2526-4686-BD34-187967748E1D}"
EndProject
Project("{FAE04EC0-301F-11D3-BF4B-00C04F79EFBC}") = "Twitter.Data", "Twitter.Data\Twitter.Data.csproj", "{ED27FDEF-219D-498A-B2AD-B1413839747A}"
EndProject
Global
	GlobalSection(SolutionConfigurationPlatforms) = preSolution
		Debug|Any CPU = Debug|Any CPU
		Release|Any CPU = Release|Any CPU
	EndGlobalSection
	GlobalSection(ProjectConfigurationPlatforms) = postSolution
		{A58F9A1E-2526-4686-BD34-187967748E1D}.Debug|Any CPU.ActiveCfg = Debug|Any CPU
		{A58F9A1E-2526-4686-BD34-187967748E1D}.Debug|Any CPU.Build.0 = Debug|Any CPU
		{A58F9A1E-2526-4686-BD34-187967748E1D}.Release|Any CPU.ActiveCfg = Release|Any CPU
		{A58F9A1E-2526-4686-BD34-187967748E1D}.Release|Any CPU.Build.0 = Release|Any CPU
		{ED27FDEF-219D-498A-B2AD-B1413839747A}.Debug|Any CPU.ActiveCfg = Debug|Any CPU
		{ED27FDEF-219D-498A-B2AD-B1413839747A}.Debug|Any CPU.Build.0 = Debug|Any CPU
		{ED27FDEF-219D-498A-B2AD-B1413839747A}.Release|Any CPU.ActiveCfg = Release|Any CPU
		{ED27FDEF-219D-498A-B2AD-B1413839747A}.Release|Any CPU.Build.0 = Release|Any CPU
	EndGlobalSection
	GlobalSection(SolutionProperties) = preSolution
		HideSolutionNode = FALSE
	EndGlobalSection
	GlobalSection(NestedProjects) = preSolution
		{A58F9A1E-2526-4686-BD34-187967748E1D} = {2BAF5EC1-39F4-46A8-9AB9-D92FC4CD5C94}
		{ED27FDEF-219D-498A-B2AD-B1413839747A} = {2BAF5EC1-39F4-46A8-9AB9-D92FC4CD5C94}
	EndGlobalSection
EndGlobal
